
Microsoft Visual Studio Solution File, Format Version 12.00
# Visual Studio Version 16
VisualStudioVersion = 16.0.29025.244
MinimumVisualStudioVersion = 10.0.40219.1
Project("{2150E333-8FDC-42A3-9474-1A3956D46DE8}") = "Platforms", "Platforms", "{4EA6C68B-29A9-4950-A242-56D4592493A9}"
EndProject
Project("{2150E333-8FDC-42A3-9474-1A3956D46DE8}") = "App", "App", "{A7772AAE-D362-4FC8-A6D9-9B862B7C5FF2}"
EndProject
Project("{9A19103F-16F7-4668-BE54-9A1E7A4F7556}") = "LagoVista.Uas.BaseStation", "src\app\LagoVista.Uas.BaseStation\LagoVista.Uas.BaseStation.csproj", "{C5024E79-4E27-4678-8B7B-F1F9E44ED854}"
EndProject
Project("{2150E333-8FDC-42A3-9474-1A3956D46DE8}") = "core", "core", "{654FEF5C-2886-4839-BA66-05BD63933EAC}"
EndProject
Project("{9A19103F-16F7-4668-BE54-9A1E7A4F7556}") = "LagoVista.Uas.BaseStation.Core", "src\core\LagoVista.Uas.BaseStation.Core\LagoVista.Uas.BaseStation.Core.csproj", "{F87C2B30-6455-41D0-AEAB-C7D0EAB53523}"
EndProject
Project("{9A19103F-16F7-4668-BE54-9A1E7A4F7556}") = "LagoVista.Uas.Core", "src\core\LagoVista.Uas.Core\LagoVista.Uas.Core.csproj", "{EC67C8ED-8772-4130-8C8A-9F17B45C1A06}"
EndProject
Project("{2150E333-8FDC-42A3-9474-1A3956D46DE8}") = "drones", "drones", "{FFC4D2DD-E7CC-4610-8E8A-27FDA1C8437A}"
EndProject
Project("{9A19103F-16F7-4668-BE54-9A1E7A4F7556}") = "LagoVista.Uas.Drones", "src\LagoVista.Uas.Drones\LagoVista.Uas.Drones.csproj", "{3E51B430-335E-4513-85C1-65393C192391}"
EndProject
Project("{8BC9CEB8-8B4A-11D0-8D11-00A0C91BC942}") = "DJIVideoParser", "src\DJIVideoParser\DJIVideoParser.vcxproj", "{5F8B4A30-B8D1-46B5-BE32-AEE3C899E3BF}"
EndProject
Project("{FAE04EC0-301F-11D3-BF4B-00C04F79EFBC}") = "LagoVista.Uas.BaseStation.App", "src\LagoVista.Uas.BaseStation.App\LagoVista.Uas.BaseStation.App.csproj", "{46C428B0-9B16-4E41-A5CD-4F7465E44034}"
EndProject
Project("{2150E333-8FDC-42A3-9474-1A3956D46DE8}") = "Tello", "Tello", "{3CC23100-2416-4638-B746-D883EDD20DFF}"
EndProject
Project("{9A19103F-16F7-4668-BE54-9A1E7A4F7556}") = "Tello", "src\tello\Tello\Tello.csproj", "{BEB7C361-26DC-470A-A7BF-C3E61F72481B}"
EndProject
Project("{9A19103F-16F7-4668-BE54-9A1E7A4F7556}") = "Messenger", "src\tello\Messenger\Messenger.csproj", "{42DC6DAD-3A06-4864-B40B-A2970B7C7CF5}"
EndProject
Project("{9A19103F-16F7-4668-BE54-9A1E7A4F7556}") = "Messenger.Udp", "src\tello\Messenger.Udp\Messenger.Udp.csproj", "{B5FA1171-0F04-4D2F-B039-20C4A346C011}"
EndProject
Project("{9A19103F-16F7-4668-BE54-9A1E7A4F7556}") = "Video", "src\tello\Tello.Messaging\Video.csproj", "{F2C2721C-3554-4A6A-96BC-9345D2349913}"
EndProject
Project("{9A19103F-16F7-4668-BE54-9A1E7A4F7556}") = "Tello.Controller", "src\tello\Tello.Controller\Tello.Controller.csproj", "{C92A429D-3A56-49B4-A217-47AB1AE9969A}"
EndProject
Global
	GlobalSection(SolutionConfigurationPlatforms) = preSolution
		Ad-Hoc|Any CPU = Ad-Hoc|Any CPU
		Ad-Hoc|ARM = Ad-Hoc|ARM
		Ad-Hoc|ARM64 = Ad-Hoc|ARM64
		Ad-Hoc|iPhone = Ad-Hoc|iPhone
		Ad-Hoc|iPhoneSimulator = Ad-Hoc|iPhoneSimulator
		Ad-Hoc|x64 = Ad-Hoc|x64
		Ad-Hoc|x86 = Ad-Hoc|x86
		AppStore|Any CPU = AppStore|Any CPU
		AppStore|ARM = AppStore|ARM
		AppStore|ARM64 = AppStore|ARM64
		AppStore|iPhone = AppStore|iPhone
		AppStore|iPhoneSimulator = AppStore|iPhoneSimulator
		AppStore|x64 = AppStore|x64
		AppStore|x86 = AppStore|x86
		Debug|Any CPU = Debug|Any CPU
		Debug|ARM = Debug|ARM
		Debug|ARM64 = Debug|ARM64
		Debug|iPhone = Debug|iPhone
		Debug|iPhoneSimulator = Debug|iPhoneSimulator
		Debug|x64 = Debug|x64
		Debug|x86 = Debug|x86
		Release|Any CPU = Release|Any CPU
		Release|ARM = Release|ARM
		Release|ARM64 = Release|ARM64
		Release|iPhone = Release|iPhone
		Release|iPhoneSimulator = Release|iPhoneSimulator
		Release|x64 = Release|x64
		Release|x86 = Release|x86
	EndGlobalSection
	GlobalSection(ProjectConfigurationPlatforms) = postSolution
		{C5024E79-4E27-4678-8B7B-F1F9E44ED854}.Ad-Hoc|Any CPU.ActiveCfg = Debug|Any CPU
		{C5024E79-4E27-4678-8B7B-F1F9E44ED854}.Ad-Hoc|Any CPU.Build.0 = Debug|Any CPU
		{C5024E79-4E27-4678-8B7B-F1F9E44ED854}.Ad-Hoc|ARM.ActiveCfg = Debug|Any CPU
		{C5024E79-4E27-4678-8B7B-F1F9E44ED854}.Ad-Hoc|ARM.Build.0 = Debug|Any CPU
		{C5024E79-4E27-4678-8B7B-F1F9E44ED854}.Ad-Hoc|ARM64.ActiveCfg = Release|Any CPU
		{C5024E79-4E27-4678-8B7B-F1F9E44ED854}.Ad-Hoc|ARM64.Build.0 = Release|Any CPU
		{C5024E79-4E27-4678-8B7B-F1F9E44ED854}.Ad-Hoc|iPhone.ActiveCfg = Debug|Any CPU
		{C5024E79-4E27-4678-8B7B-F1F9E44ED854}.Ad-Hoc|iPhone.Build.0 = Debug|Any CPU
		{C5024E79-4E27-4678-8B7B-F1F9E44ED854}.Ad-Hoc|iPhoneSimulator.ActiveCfg = Debug|Any CPU
		{C5024E79-4E27-4678-8B7B-F1F9E44ED854}.Ad-Hoc|iPhoneSimulator.Build.0 = Debug|Any CPU
		{C5024E79-4E27-4678-8B7B-F1F9E44ED854}.Ad-Hoc|x64.ActiveCfg = Debug|Any CPU
		{C5024E79-4E27-4678-8B7B-F1F9E44ED854}.Ad-Hoc|x64.Build.0 = Debug|Any CPU
		{C5024E79-4E27-4678-8B7B-F1F9E44ED854}.Ad-Hoc|x86.ActiveCfg = Debug|Any CPU
		{C5024E79-4E27-4678-8B7B-F1F9E44ED854}.Ad-Hoc|x86.Build.0 = Debug|Any CPU
		{C5024E79-4E27-4678-8B7B-F1F9E44ED854}.AppStore|Any CPU.ActiveCfg = Debug|Any CPU
		{C5024E79-4E27-4678-8B7B-F1F9E44ED854}.AppStore|Any CPU.Build.0 = Debug|Any CPU
		{C5024E79-4E27-4678-8B7B-F1F9E44ED854}.AppStore|ARM.ActiveCfg = Debug|Any CPU
		{C5024E79-4E27-4678-8B7B-F1F9E44ED854}.AppStore|ARM.Build.0 = Debug|Any CPU
		{C5024E79-4E27-4678-8B7B-F1F9E44ED854}.AppStore|ARM64.ActiveCfg = Release|Any CPU
		{C5024E79-4E27-4678-8B7B-F1F9E44ED854}.AppStore|ARM64.Build.0 = Release|Any CPU
		{C5024E79-4E27-4678-8B7B-F1F9E44ED854}.AppStore|iPhone.ActiveCfg = Debug|Any CPU
		{C5024E79-4E27-4678-8B7B-F1F9E44ED854}.AppStore|iPhone.Build.0 = Debug|Any CPU
		{C5024E79-4E27-4678-8B7B-F1F9E44ED854}.AppStore|iPhoneSimulator.ActiveCfg = Debug|Any CPU
		{C5024E79-4E27-4678-8B7B-F1F9E44ED854}.AppStore|iPhoneSimulator.Build.0 = Debug|Any CPU
		{C5024E79-4E27-4678-8B7B-F1F9E44ED854}.AppStore|x64.ActiveCfg = Debug|Any CPU
		{C5024E79-4E27-4678-8B7B-F1F9E44ED854}.AppStore|x64.Build.0 = Debug|Any CPU
		{C5024E79-4E27-4678-8B7B-F1F9E44ED854}.AppStore|x86.ActiveCfg = Debug|Any CPU
		{C5024E79-4E27-4678-8B7B-F1F9E44ED854}.AppStore|x86.Build.0 = Debug|Any CPU
		{C5024E79-4E27-4678-8B7B-F1F9E44ED854}.Debug|Any CPU.ActiveCfg = Debug|Any CPU
		{C5024E79-4E27-4678-8B7B-F1F9E44ED854}.Debug|Any CPU.Build.0 = Debug|Any CPU
		{C5024E79-4E27-4678-8B7B-F1F9E44ED854}.Debug|ARM.ActiveCfg = Debug|Any CPU
		{C5024E79-4E27-4678-8B7B-F1F9E44ED854}.Debug|ARM.Build.0 = Debug|Any CPU
		{C5024E79-4E27-4678-8B7B-F1F9E44ED854}.Debug|ARM64.ActiveCfg = Debug|Any CPU
		{C5024E79-4E27-4678-8B7B-F1F9E44ED854}.Debug|ARM64.Build.0 = Debug|Any CPU
		{C5024E79-4E27-4678-8B7B-F1F9E44ED854}.Debug|iPhone.ActiveCfg = Debug|Any CPU
		{C5024E79-4E27-4678-8B7B-F1F9E44ED854}.Debug|iPhone.Build.0 = Debug|Any CPU
		{C5024E79-4E27-4678-8B7B-F1F9E44ED854}.Debug|iPhoneSimulator.ActiveCfg = Debug|Any CPU
		{C5024E79-4E27-4678-8B7B-F1F9E44ED854}.Debug|iPhoneSimulator.Build.0 = Debug|Any CPU
		{C5024E79-4E27-4678-8B7B-F1F9E44ED854}.Debug|x64.ActiveCfg = Debug|Any CPU
		{C5024E79-4E27-4678-8B7B-F1F9E44ED854}.Debug|x64.Build.0 = Debug|Any CPU
		{C5024E79-4E27-4678-8B7B-F1F9E44ED854}.Debug|x86.ActiveCfg = Debug|Any CPU
		{C5024E79-4E27-4678-8B7B-F1F9E44ED854}.Debug|x86.Build.0 = Debug|Any CPU
		{C5024E79-4E27-4678-8B7B-F1F9E44ED854}.Release|Any CPU.ActiveCfg = Release|Any CPU
		{C5024E79-4E27-4678-8B7B-F1F9E44ED854}.Release|Any CPU.Build.0 = Release|Any CPU
		{C5024E79-4E27-4678-8B7B-F1F9E44ED854}.Release|ARM.ActiveCfg = Release|Any CPU
		{C5024E79-4E27-4678-8B7B-F1F9E44ED854}.Release|ARM.Build.0 = Release|Any CPU
		{C5024E79-4E27-4678-8B7B-F1F9E44ED854}.Release|ARM64.ActiveCfg = Release|Any CPU
		{C5024E79-4E27-4678-8B7B-F1F9E44ED854}.Release|ARM64.Build.0 = Release|Any CPU
		{C5024E79-4E27-4678-8B7B-F1F9E44ED854}.Release|iPhone.ActiveCfg = Release|Any CPU
		{C5024E79-4E27-4678-8B7B-F1F9E44ED854}.Release|iPhone.Build.0 = Release|Any CPU
		{C5024E79-4E27-4678-8B7B-F1F9E44ED854}.Release|iPhoneSimulator.ActiveCfg = Release|Any CPU
		{C5024E79-4E27-4678-8B7B-F1F9E44ED854}.Release|iPhoneSimulator.Build.0 = Release|Any CPU
		{C5024E79-4E27-4678-8B7B-F1F9E44ED854}.Release|x64.ActiveCfg = Release|Any CPU
		{C5024E79-4E27-4678-8B7B-F1F9E44ED854}.Release|x64.Build.0 = Release|Any CPU
		{C5024E79-4E27-4678-8B7B-F1F9E44ED854}.Release|x86.ActiveCfg = Release|Any CPU
		{C5024E79-4E27-4678-8B7B-F1F9E44ED854}.Release|x86.Build.0 = Release|Any CPU
		{F87C2B30-6455-41D0-AEAB-C7D0EAB53523}.Ad-Hoc|Any CPU.ActiveCfg = Debug|Any CPU
		{F87C2B30-6455-41D0-AEAB-C7D0EAB53523}.Ad-Hoc|Any CPU.Build.0 = Debug|Any CPU
		{F87C2B30-6455-41D0-AEAB-C7D0EAB53523}.Ad-Hoc|ARM.ActiveCfg = Debug|Any CPU
		{F87C2B30-6455-41D0-AEAB-C7D0EAB53523}.Ad-Hoc|ARM.Build.0 = Debug|Any CPU
		{F87C2B30-6455-41D0-AEAB-C7D0EAB53523}.Ad-Hoc|ARM64.ActiveCfg = Release|Any CPU
		{F87C2B30-6455-41D0-AEAB-C7D0EAB53523}.Ad-Hoc|ARM64.Build.0 = Release|Any CPU
		{F87C2B30-6455-41D0-AEAB-C7D0EAB53523}.Ad-Hoc|iPhone.ActiveCfg = Debug|Any CPU
		{F87C2B30-6455-41D0-AEAB-C7D0EAB53523}.Ad-Hoc|iPhone.Build.0 = Debug|Any CPU
		{F87C2B30-6455-41D0-AEAB-C7D0EAB53523}.Ad-Hoc|iPhoneSimulator.ActiveCfg = Debug|Any CPU
		{F87C2B30-6455-41D0-AEAB-C7D0EAB53523}.Ad-Hoc|iPhoneSimulator.Build.0 = Debug|Any CPU
		{F87C2B30-6455-41D0-AEAB-C7D0EAB53523}.Ad-Hoc|x64.ActiveCfg = Debug|Any CPU
		{F87C2B30-6455-41D0-AEAB-C7D0EAB53523}.Ad-Hoc|x64.Build.0 = Debug|Any CPU
		{F87C2B30-6455-41D0-AEAB-C7D0EAB53523}.Ad-Hoc|x86.ActiveCfg = Debug|Any CPU
		{F87C2B30-6455-41D0-AEAB-C7D0EAB53523}.Ad-Hoc|x86.Build.0 = Debug|Any CPU
		{F87C2B30-6455-41D0-AEAB-C7D0EAB53523}.AppStore|Any CPU.ActiveCfg = Debug|Any CPU
		{F87C2B30-6455-41D0-AEAB-C7D0EAB53523}.AppStore|Any CPU.Build.0 = Debug|Any CPU
		{F87C2B30-6455-41D0-AEAB-C7D0EAB53523}.AppStore|ARM.ActiveCfg = Debug|Any CPU
		{F87C2B30-6455-41D0-AEAB-C7D0EAB53523}.AppStore|ARM.Build.0 = Debug|Any CPU
		{F87C2B30-6455-41D0-AEAB-C7D0EAB53523}.AppStore|ARM64.ActiveCfg = Release|Any CPU
		{F87C2B30-6455-41D0-AEAB-C7D0EAB53523}.AppStore|ARM64.Build.0 = Release|Any CPU
		{F87C2B30-6455-41D0-AEAB-C7D0EAB53523}.AppStore|iPhone.ActiveCfg = Debug|Any CPU
		{F87C2B30-6455-41D0-AEAB-C7D0EAB53523}.AppStore|iPhone.Build.0 = Debug|Any CPU
		{F87C2B30-6455-41D0-AEAB-C7D0EAB53523}.AppStore|iPhoneSimulator.ActiveCfg = Debug|Any CPU
		{F87C2B30-6455-41D0-AEAB-C7D0EAB53523}.AppStore|iPhoneSimulator.Build.0 = Debug|Any CPU
		{F87C2B30-6455-41D0-AEAB-C7D0EAB53523}.AppStore|x64.ActiveCfg = Debug|Any CPU
		{F87C2B30-6455-41D0-AEAB-C7D0EAB53523}.AppStore|x64.Build.0 = Debug|Any CPU
		{F87C2B30-6455-41D0-AEAB-C7D0EAB53523}.AppStore|x86.ActiveCfg = Debug|Any CPU
		{F87C2B30-6455-41D0-AEAB-C7D0EAB53523}.AppStore|x86.Build.0 = Debug|Any CPU
		{F87C2B30-6455-41D0-AEAB-C7D0EAB53523}.Debug|Any CPU.ActiveCfg = Debug|Any CPU
		{F87C2B30-6455-41D0-AEAB-C7D0EAB53523}.Debug|Any CPU.Build.0 = Debug|Any CPU
		{F87C2B30-6455-41D0-AEAB-C7D0EAB53523}.Debug|ARM.ActiveCfg = Debug|Any CPU
		{F87C2B30-6455-41D0-AEAB-C7D0EAB53523}.Debug|ARM.Build.0 = Debug|Any CPU
		{F87C2B30-6455-41D0-AEAB-C7D0EAB53523}.Debug|ARM64.ActiveCfg = Debug|Any CPU
		{F87C2B30-6455-41D0-AEAB-C7D0EAB53523}.Debug|ARM64.Build.0 = Debug|Any CPU
		{F87C2B30-6455-41D0-AEAB-C7D0EAB53523}.Debug|iPhone.ActiveCfg = Debug|Any CPU
		{F87C2B30-6455-41D0-AEAB-C7D0EAB53523}.Debug|iPhone.Build.0 = Debug|Any CPU
		{F87C2B30-6455-41D0-AEAB-C7D0EAB53523}.Debug|iPhoneSimulator.ActiveCfg = Debug|Any CPU
		{F87C2B30-6455-41D0-AEAB-C7D0EAB53523}.Debug|iPhoneSimulator.Build.0 = Debug|Any CPU
		{F87C2B30-6455-41D0-AEAB-C7D0EAB53523}.Debug|x64.ActiveCfg = Debug|Any CPU
		{F87C2B30-6455-41D0-AEAB-C7D0EAB53523}.Debug|x64.Build.0 = Debug|Any CPU
		{F87C2B30-6455-41D0-AEAB-C7D0EAB53523}.Debug|x86.ActiveCfg = Debug|Any CPU
		{F87C2B30-6455-41D0-AEAB-C7D0EAB53523}.Debug|x86.Build.0 = Debug|Any CPU
		{F87C2B30-6455-41D0-AEAB-C7D0EAB53523}.Release|Any CPU.ActiveCfg = Release|Any CPU
		{F87C2B30-6455-41D0-AEAB-C7D0EAB53523}.Release|Any CPU.Build.0 = Release|Any CPU
		{F87C2B30-6455-41D0-AEAB-C7D0EAB53523}.Release|ARM.ActiveCfg = Release|Any CPU
		{F87C2B30-6455-41D0-AEAB-C7D0EAB53523}.Release|ARM.Build.0 = Release|Any CPU
		{F87C2B30-6455-41D0-AEAB-C7D0EAB53523}.Release|ARM64.ActiveCfg = Release|Any CPU
		{F87C2B30-6455-41D0-AEAB-C7D0EAB53523}.Release|ARM64.Build.0 = Release|Any CPU
		{F87C2B30-6455-41D0-AEAB-C7D0EAB53523}.Release|iPhone.ActiveCfg = Release|Any CPU
		{F87C2B30-6455-41D0-AEAB-C7D0EAB53523}.Release|iPhone.Build.0 = Release|Any CPU
		{F87C2B30-6455-41D0-AEAB-C7D0EAB53523}.Release|iPhoneSimulator.ActiveCfg = Release|Any CPU
		{F87C2B30-6455-41D0-AEAB-C7D0EAB53523}.Release|iPhoneSimulator.Build.0 = Release|Any CPU
		{F87C2B30-6455-41D0-AEAB-C7D0EAB53523}.Release|x64.ActiveCfg = Release|Any CPU
		{F87C2B30-6455-41D0-AEAB-C7D0EAB53523}.Release|x64.Build.0 = Release|Any CPU
		{F87C2B30-6455-41D0-AEAB-C7D0EAB53523}.Release|x86.ActiveCfg = Release|Any CPU
		{F87C2B30-6455-41D0-AEAB-C7D0EAB53523}.Release|x86.Build.0 = Release|Any CPU
		{EC67C8ED-8772-4130-8C8A-9F17B45C1A06}.Ad-Hoc|Any CPU.ActiveCfg = Debug|Any CPU
		{EC67C8ED-8772-4130-8C8A-9F17B45C1A06}.Ad-Hoc|Any CPU.Build.0 = Debug|Any CPU
		{EC67C8ED-8772-4130-8C8A-9F17B45C1A06}.Ad-Hoc|ARM.ActiveCfg = Debug|Any CPU
		{EC67C8ED-8772-4130-8C8A-9F17B45C1A06}.Ad-Hoc|ARM.Build.0 = Debug|Any CPU
		{EC67C8ED-8772-4130-8C8A-9F17B45C1A06}.Ad-Hoc|ARM64.ActiveCfg = Release|Any CPU
		{EC67C8ED-8772-4130-8C8A-9F17B45C1A06}.Ad-Hoc|ARM64.Build.0 = Release|Any CPU
		{EC67C8ED-8772-4130-8C8A-9F17B45C1A06}.Ad-Hoc|iPhone.ActiveCfg = Debug|Any CPU
		{EC67C8ED-8772-4130-8C8A-9F17B45C1A06}.Ad-Hoc|iPhone.Build.0 = Debug|Any CPU
		{EC67C8ED-8772-4130-8C8A-9F17B45C1A06}.Ad-Hoc|iPhoneSimulator.ActiveCfg = Debug|Any CPU
		{EC67C8ED-8772-4130-8C8A-9F17B45C1A06}.Ad-Hoc|iPhoneSimulator.Build.0 = Debug|Any CPU
		{EC67C8ED-8772-4130-8C8A-9F17B45C1A06}.Ad-Hoc|x64.ActiveCfg = Debug|Any CPU
		{EC67C8ED-8772-4130-8C8A-9F17B45C1A06}.Ad-Hoc|x64.Build.0 = Debug|Any CPU
		{EC67C8ED-8772-4130-8C8A-9F17B45C1A06}.Ad-Hoc|x86.ActiveCfg = Debug|Any CPU
		{EC67C8ED-8772-4130-8C8A-9F17B45C1A06}.Ad-Hoc|x86.Build.0 = Debug|Any CPU
		{EC67C8ED-8772-4130-8C8A-9F17B45C1A06}.AppStore|Any CPU.ActiveCfg = Debug|Any CPU
		{EC67C8ED-8772-4130-8C8A-9F17B45C1A06}.AppStore|Any CPU.Build.0 = Debug|Any CPU
		{EC67C8ED-8772-4130-8C8A-9F17B45C1A06}.AppStore|ARM.ActiveCfg = Debug|Any CPU
		{EC67C8ED-8772-4130-8C8A-9F17B45C1A06}.AppStore|ARM.Build.0 = Debug|Any CPU
		{EC67C8ED-8772-4130-8C8A-9F17B45C1A06}.AppStore|ARM64.ActiveCfg = Release|Any CPU
		{EC67C8ED-8772-4130-8C8A-9F17B45C1A06}.AppStore|ARM64.Build.0 = Release|Any CPU
		{EC67C8ED-8772-4130-8C8A-9F17B45C1A06}.AppStore|iPhone.ActiveCfg = Debug|Any CPU
		{EC67C8ED-8772-4130-8C8A-9F17B45C1A06}.AppStore|iPhone.Build.0 = Debug|Any CPU
		{EC67C8ED-8772-4130-8C8A-9F17B45C1A06}.AppStore|iPhoneSimulator.ActiveCfg = Debug|Any CPU
		{EC67C8ED-8772-4130-8C8A-9F17B45C1A06}.AppStore|iPhoneSimulator.Build.0 = Debug|Any CPU
		{EC67C8ED-8772-4130-8C8A-9F17B45C1A06}.AppStore|x64.ActiveCfg = Debug|Any CPU
		{EC67C8ED-8772-4130-8C8A-9F17B45C1A06}.AppStore|x64.Build.0 = Debug|Any CPU
		{EC67C8ED-8772-4130-8C8A-9F17B45C1A06}.AppStore|x86.ActiveCfg = Debug|Any CPU
		{EC67C8ED-8772-4130-8C8A-9F17B45C1A06}.AppStore|x86.Build.0 = Debug|Any CPU
		{EC67C8ED-8772-4130-8C8A-9F17B45C1A06}.Debug|Any CPU.ActiveCfg = Debug|Any CPU
		{EC67C8ED-8772-4130-8C8A-9F17B45C1A06}.Debug|Any CPU.Build.0 = Debug|Any CPU
		{EC67C8ED-8772-4130-8C8A-9F17B45C1A06}.Debug|ARM.ActiveCfg = Debug|Any CPU
		{EC67C8ED-8772-4130-8C8A-9F17B45C1A06}.Debug|ARM.Build.0 = Debug|Any CPU
		{EC67C8ED-8772-4130-8C8A-9F17B45C1A06}.Debug|ARM64.ActiveCfg = Debug|Any CPU
		{EC67C8ED-8772-4130-8C8A-9F17B45C1A06}.Debug|ARM64.Build.0 = Debug|Any CPU
		{EC67C8ED-8772-4130-8C8A-9F17B45C1A06}.Debug|iPhone.ActiveCfg = Debug|Any CPU
		{EC67C8ED-8772-4130-8C8A-9F17B45C1A06}.Debug|iPhone.Build.0 = Debug|Any CPU
		{EC67C8ED-8772-4130-8C8A-9F17B45C1A06}.Debug|iPhoneSimulator.ActiveCfg = Debug|Any CPU
		{EC67C8ED-8772-4130-8C8A-9F17B45C1A06}.Debug|iPhoneSimulator.Build.0 = Debug|Any CPU
		{EC67C8ED-8772-4130-8C8A-9F17B45C1A06}.Debug|x64.ActiveCfg = Debug|Any CPU
		{EC67C8ED-8772-4130-8C8A-9F17B45C1A06}.Debug|x64.Build.0 = Debug|Any CPU
		{EC67C8ED-8772-4130-8C8A-9F17B45C1A06}.Debug|x86.ActiveCfg = Debug|Any CPU
		{EC67C8ED-8772-4130-8C8A-9F17B45C1A06}.Debug|x86.Build.0 = Debug|Any CPU
		{EC67C8ED-8772-4130-8C8A-9F17B45C1A06}.Release|Any CPU.ActiveCfg = Release|Any CPU
		{EC67C8ED-8772-4130-8C8A-9F17B45C1A06}.Release|Any CPU.Build.0 = Release|Any CPU
		{EC67C8ED-8772-4130-8C8A-9F17B45C1A06}.Release|ARM.ActiveCfg = Release|Any CPU
		{EC67C8ED-8772-4130-8C8A-9F17B45C1A06}.Release|ARM.Build.0 = Release|Any CPU
		{EC67C8ED-8772-4130-8C8A-9F17B45C1A06}.Release|ARM64.ActiveCfg = Release|Any CPU
		{EC67C8ED-8772-4130-8C8A-9F17B45C1A06}.Release|ARM64.Build.0 = Release|Any CPU
		{EC67C8ED-8772-4130-8C8A-9F17B45C1A06}.Release|iPhone.ActiveCfg = Release|Any CPU
		{EC67C8ED-8772-4130-8C8A-9F17B45C1A06}.Release|iPhone.Build.0 = Release|Any CPU
		{EC67C8ED-8772-4130-8C8A-9F17B45C1A06}.Release|iPhoneSimulator.ActiveCfg = Release|Any CPU
		{EC67C8ED-8772-4130-8C8A-9F17B45C1A06}.Release|iPhoneSimulator.Build.0 = Release|Any CPU
		{EC67C8ED-8772-4130-8C8A-9F17B45C1A06}.Release|x64.ActiveCfg = Release|Any CPU
		{EC67C8ED-8772-4130-8C8A-9F17B45C1A06}.Release|x64.Build.0 = Release|Any CPU
		{EC67C8ED-8772-4130-8C8A-9F17B45C1A06}.Release|x86.ActiveCfg = Release|Any CPU
		{EC67C8ED-8772-4130-8C8A-9F17B45C1A06}.Release|x86.Build.0 = Release|Any CPU
		{3E51B430-335E-4513-85C1-65393C192391}.Ad-Hoc|Any CPU.ActiveCfg = Debug|Any CPU
		{3E51B430-335E-4513-85C1-65393C192391}.Ad-Hoc|Any CPU.Build.0 = Debug|Any CPU
		{3E51B430-335E-4513-85C1-65393C192391}.Ad-Hoc|ARM.ActiveCfg = Debug|Any CPU
		{3E51B430-335E-4513-85C1-65393C192391}.Ad-Hoc|ARM.Build.0 = Debug|Any CPU
		{3E51B430-335E-4513-85C1-65393C192391}.Ad-Hoc|ARM64.ActiveCfg = Release|Any CPU
		{3E51B430-335E-4513-85C1-65393C192391}.Ad-Hoc|ARM64.Build.0 = Release|Any CPU
		{3E51B430-335E-4513-85C1-65393C192391}.Ad-Hoc|iPhone.ActiveCfg = Debug|Any CPU
		{3E51B430-335E-4513-85C1-65393C192391}.Ad-Hoc|iPhone.Build.0 = Debug|Any CPU
		{3E51B430-335E-4513-85C1-65393C192391}.Ad-Hoc|iPhoneSimulator.ActiveCfg = Debug|Any CPU
		{3E51B430-335E-4513-85C1-65393C192391}.Ad-Hoc|iPhoneSimulator.Build.0 = Debug|Any CPU
		{3E51B430-335E-4513-85C1-65393C192391}.Ad-Hoc|x64.ActiveCfg = Debug|Any CPU
		{3E51B430-335E-4513-85C1-65393C192391}.Ad-Hoc|x64.Build.0 = Debug|Any CPU
		{3E51B430-335E-4513-85C1-65393C192391}.Ad-Hoc|x86.ActiveCfg = Debug|Any CPU
		{3E51B430-335E-4513-85C1-65393C192391}.Ad-Hoc|x86.Build.0 = Debug|Any CPU
		{3E51B430-335E-4513-85C1-65393C192391}.AppStore|Any CPU.ActiveCfg = Debug|Any CPU
		{3E51B430-335E-4513-85C1-65393C192391}.AppStore|Any CPU.Build.0 = Debug|Any CPU
		{3E51B430-335E-4513-85C1-65393C192391}.AppStore|ARM.ActiveCfg = Debug|Any CPU
		{3E51B430-335E-4513-85C1-65393C192391}.AppStore|ARM.Build.0 = Debug|Any CPU
		{3E51B430-335E-4513-85C1-65393C192391}.AppStore|ARM64.ActiveCfg = Release|Any CPU
		{3E51B430-335E-4513-85C1-65393C192391}.AppStore|ARM64.Build.0 = Release|Any CPU
		{3E51B430-335E-4513-85C1-65393C192391}.AppStore|iPhone.ActiveCfg = Debug|Any CPU
		{3E51B430-335E-4513-85C1-65393C192391}.AppStore|iPhone.Build.0 = Debug|Any CPU
		{3E51B430-335E-4513-85C1-65393C192391}.AppStore|iPhoneSimulator.ActiveCfg = Debug|Any CPU
		{3E51B430-335E-4513-85C1-65393C192391}.AppStore|iPhoneSimulator.Build.0 = Debug|Any CPU
		{3E51B430-335E-4513-85C1-65393C192391}.AppStore|x64.ActiveCfg = Debug|Any CPU
		{3E51B430-335E-4513-85C1-65393C192391}.AppStore|x64.Build.0 = Debug|Any CPU
		{3E51B430-335E-4513-85C1-65393C192391}.AppStore|x86.ActiveCfg = Debug|Any CPU
		{3E51B430-335E-4513-85C1-65393C192391}.AppStore|x86.Build.0 = Debug|Any CPU
		{3E51B430-335E-4513-85C1-65393C192391}.Debug|Any CPU.ActiveCfg = Debug|Any CPU
		{3E51B430-335E-4513-85C1-65393C192391}.Debug|Any CPU.Build.0 = Debug|Any CPU
		{3E51B430-335E-4513-85C1-65393C192391}.Debug|ARM.ActiveCfg = Debug|Any CPU
		{3E51B430-335E-4513-85C1-65393C192391}.Debug|ARM.Build.0 = Debug|Any CPU
		{3E51B430-335E-4513-85C1-65393C192391}.Debug|ARM64.ActiveCfg = Debug|Any CPU
		{3E51B430-335E-4513-85C1-65393C192391}.Debug|ARM64.Build.0 = Debug|Any CPU
		{3E51B430-335E-4513-85C1-65393C192391}.Debug|iPhone.ActiveCfg = Debug|Any CPU
		{3E51B430-335E-4513-85C1-65393C192391}.Debug|iPhone.Build.0 = Debug|Any CPU
		{3E51B430-335E-4513-85C1-65393C192391}.Debug|iPhoneSimulator.ActiveCfg = Debug|Any CPU
		{3E51B430-335E-4513-85C1-65393C192391}.Debug|iPhoneSimulator.Build.0 = Debug|Any CPU
		{3E51B430-335E-4513-85C1-65393C192391}.Debug|x64.ActiveCfg = Debug|Any CPU
		{3E51B430-335E-4513-85C1-65393C192391}.Debug|x64.Build.0 = Debug|Any CPU
		{3E51B430-335E-4513-85C1-65393C192391}.Debug|x86.ActiveCfg = Debug|Any CPU
		{3E51B430-335E-4513-85C1-65393C192391}.Debug|x86.Build.0 = Debug|Any CPU
		{3E51B430-335E-4513-85C1-65393C192391}.Release|Any CPU.ActiveCfg = Release|Any CPU
		{3E51B430-335E-4513-85C1-65393C192391}.Release|Any CPU.Build.0 = Release|Any CPU
		{3E51B430-335E-4513-85C1-65393C192391}.Release|ARM.ActiveCfg = Release|Any CPU
		{3E51B430-335E-4513-85C1-65393C192391}.Release|ARM.Build.0 = Release|Any CPU
		{3E51B430-335E-4513-85C1-65393C192391}.Release|ARM64.ActiveCfg = Release|Any CPU
		{3E51B430-335E-4513-85C1-65393C192391}.Release|ARM64.Build.0 = Release|Any CPU
		{3E51B430-335E-4513-85C1-65393C192391}.Release|iPhone.ActiveCfg = Release|Any CPU
		{3E51B430-335E-4513-85C1-65393C192391}.Release|iPhone.Build.0 = Release|Any CPU
		{3E51B430-335E-4513-85C1-65393C192391}.Release|iPhoneSimulator.ActiveCfg = Release|Any CPU
		{3E51B430-335E-4513-85C1-65393C192391}.Release|iPhoneSimulator.Build.0 = Release|Any CPU
		{3E51B430-335E-4513-85C1-65393C192391}.Release|x64.ActiveCfg = Release|Any CPU
		{3E51B430-335E-4513-85C1-65393C192391}.Release|x64.Build.0 = Release|Any CPU
		{3E51B430-335E-4513-85C1-65393C192391}.Release|x86.ActiveCfg = Release|Any CPU
		{3E51B430-335E-4513-85C1-65393C192391}.Release|x86.Build.0 = Release|Any CPU
		{5F8B4A30-B8D1-46B5-BE32-AEE3C899E3BF}.Ad-Hoc|Any CPU.ActiveCfg = Release|x64
		{5F8B4A30-B8D1-46B5-BE32-AEE3C899E3BF}.Ad-Hoc|Any CPU.Build.0 = Release|x64
		{5F8B4A30-B8D1-46B5-BE32-AEE3C899E3BF}.Ad-Hoc|ARM.ActiveCfg = Release|ARM
		{5F8B4A30-B8D1-46B5-BE32-AEE3C899E3BF}.Ad-Hoc|ARM.Build.0 = Release|ARM
		{5F8B4A30-B8D1-46B5-BE32-AEE3C899E3BF}.Ad-Hoc|ARM64.ActiveCfg = Release|x64
		{5F8B4A30-B8D1-46B5-BE32-AEE3C899E3BF}.Ad-Hoc|ARM64.Build.0 = Release|x64
		{5F8B4A30-B8D1-46B5-BE32-AEE3C899E3BF}.Ad-Hoc|iPhone.ActiveCfg = Release|x64
		{5F8B4A30-B8D1-46B5-BE32-AEE3C899E3BF}.Ad-Hoc|iPhone.Build.0 = Release|x64
		{5F8B4A30-B8D1-46B5-BE32-AEE3C899E3BF}.Ad-Hoc|iPhoneSimulator.ActiveCfg = Release|x64
		{5F8B4A30-B8D1-46B5-BE32-AEE3C899E3BF}.Ad-Hoc|iPhoneSimulator.Build.0 = Release|x64
		{5F8B4A30-B8D1-46B5-BE32-AEE3C899E3BF}.Ad-Hoc|x64.ActiveCfg = Release|x64
		{5F8B4A30-B8D1-46B5-BE32-AEE3C899E3BF}.Ad-Hoc|x64.Build.0 = Release|x64
		{5F8B4A30-B8D1-46B5-BE32-AEE3C899E3BF}.Ad-Hoc|x86.ActiveCfg = Release|Win32
		{5F8B4A30-B8D1-46B5-BE32-AEE3C899E3BF}.Ad-Hoc|x86.Build.0 = Release|Win32
		{5F8B4A30-B8D1-46B5-BE32-AEE3C899E3BF}.AppStore|Any CPU.ActiveCfg = Release|x64
		{5F8B4A30-B8D1-46B5-BE32-AEE3C899E3BF}.AppStore|Any CPU.Build.0 = Release|x64
		{5F8B4A30-B8D1-46B5-BE32-AEE3C899E3BF}.AppStore|ARM.ActiveCfg = Release|ARM
		{5F8B4A30-B8D1-46B5-BE32-AEE3C899E3BF}.AppStore|ARM.Build.0 = Release|ARM
		{5F8B4A30-B8D1-46B5-BE32-AEE3C899E3BF}.AppStore|ARM64.ActiveCfg = Release|x64
		{5F8B4A30-B8D1-46B5-BE32-AEE3C899E3BF}.AppStore|ARM64.Build.0 = Release|x64
		{5F8B4A30-B8D1-46B5-BE32-AEE3C899E3BF}.AppStore|iPhone.ActiveCfg = Release|x64
		{5F8B4A30-B8D1-46B5-BE32-AEE3C899E3BF}.AppStore|iPhone.Build.0 = Release|x64
		{5F8B4A30-B8D1-46B5-BE32-AEE3C899E3BF}.AppStore|iPhoneSimulator.ActiveCfg = Release|x64
		{5F8B4A30-B8D1-46B5-BE32-AEE3C899E3BF}.AppStore|iPhoneSimulator.Build.0 = Release|x64
		{5F8B4A30-B8D1-46B5-BE32-AEE3C899E3BF}.AppStore|x64.ActiveCfg = Release|x64
		{5F8B4A30-B8D1-46B5-BE32-AEE3C899E3BF}.AppStore|x64.Build.0 = Release|x64
		{5F8B4A30-B8D1-46B5-BE32-AEE3C899E3BF}.AppStore|x86.ActiveCfg = Release|Win32
		{5F8B4A30-B8D1-46B5-BE32-AEE3C899E3BF}.AppStore|x86.Build.0 = Release|Win32
		{5F8B4A30-B8D1-46B5-BE32-AEE3C899E3BF}.Debug|Any CPU.ActiveCfg = Debug|Win32
		{5F8B4A30-B8D1-46B5-BE32-AEE3C899E3BF}.Debug|ARM.ActiveCfg = Debug|ARM
		{5F8B4A30-B8D1-46B5-BE32-AEE3C899E3BF}.Debug|ARM.Build.0 = Debug|ARM
		{5F8B4A30-B8D1-46B5-BE32-AEE3C899E3BF}.Debug|ARM64.ActiveCfg = Debug|Win32
		{5F8B4A30-B8D1-46B5-BE32-AEE3C899E3BF}.Debug|iPhone.ActiveCfg = Debug|Win32
		{5F8B4A30-B8D1-46B5-BE32-AEE3C899E3BF}.Debug|iPhoneSimulator.ActiveCfg = Debug|Win32
		{5F8B4A30-B8D1-46B5-BE32-AEE3C899E3BF}.Debug|x64.ActiveCfg = Debug|x64
		{5F8B4A30-B8D1-46B5-BE32-AEE3C899E3BF}.Debug|x64.Build.0 = Debug|x64
		{5F8B4A30-B8D1-46B5-BE32-AEE3C899E3BF}.Debug|x86.ActiveCfg = Debug|Win32
		{5F8B4A30-B8D1-46B5-BE32-AEE3C899E3BF}.Debug|x86.Build.0 = Debug|Win32
		{5F8B4A30-B8D1-46B5-BE32-AEE3C899E3BF}.Release|Any CPU.ActiveCfg = Release|Win32
		{5F8B4A30-B8D1-46B5-BE32-AEE3C899E3BF}.Release|ARM.ActiveCfg = Release|ARM
		{5F8B4A30-B8D1-46B5-BE32-AEE3C899E3BF}.Release|ARM.Build.0 = Release|ARM
		{5F8B4A30-B8D1-46B5-BE32-AEE3C899E3BF}.Release|ARM64.ActiveCfg = Release|Win32
		{5F8B4A30-B8D1-46B5-BE32-AEE3C899E3BF}.Release|iPhone.ActiveCfg = Release|Win32
		{5F8B4A30-B8D1-46B5-BE32-AEE3C899E3BF}.Release|iPhoneSimulator.ActiveCfg = Release|Win32
		{5F8B4A30-B8D1-46B5-BE32-AEE3C899E3BF}.Release|x64.ActiveCfg = Release|x64
		{5F8B4A30-B8D1-46B5-BE32-AEE3C899E3BF}.Release|x64.Build.0 = Release|x64
		{5F8B4A30-B8D1-46B5-BE32-AEE3C899E3BF}.Release|x86.ActiveCfg = Release|Win32
		{5F8B4A30-B8D1-46B5-BE32-AEE3C899E3BF}.Release|x86.Build.0 = Release|Win32
		{46C428B0-9B16-4E41-A5CD-4F7465E44034}.Ad-Hoc|Any CPU.ActiveCfg = Release|x64
		{46C428B0-9B16-4E41-A5CD-4F7465E44034}.Ad-Hoc|Any CPU.Build.0 = Release|x64
		{46C428B0-9B16-4E41-A5CD-4F7465E44034}.Ad-Hoc|Any CPU.Deploy.0 = Release|x64
		{46C428B0-9B16-4E41-A5CD-4F7465E44034}.Ad-Hoc|ARM.ActiveCfg = Release|ARM
		{46C428B0-9B16-4E41-A5CD-4F7465E44034}.Ad-Hoc|ARM.Build.0 = Release|ARM
		{46C428B0-9B16-4E41-A5CD-4F7465E44034}.Ad-Hoc|ARM.Deploy.0 = Release|ARM
		{46C428B0-9B16-4E41-A5CD-4F7465E44034}.Ad-Hoc|ARM64.ActiveCfg = Release|ARM64
		{46C428B0-9B16-4E41-A5CD-4F7465E44034}.Ad-Hoc|ARM64.Build.0 = Release|ARM64
		{46C428B0-9B16-4E41-A5CD-4F7465E44034}.Ad-Hoc|ARM64.Deploy.0 = Release|ARM64
		{46C428B0-9B16-4E41-A5CD-4F7465E44034}.Ad-Hoc|iPhone.ActiveCfg = Release|x64
		{46C428B0-9B16-4E41-A5CD-4F7465E44034}.Ad-Hoc|iPhone.Build.0 = Release|x64
		{46C428B0-9B16-4E41-A5CD-4F7465E44034}.Ad-Hoc|iPhone.Deploy.0 = Release|x64
		{46C428B0-9B16-4E41-A5CD-4F7465E44034}.Ad-Hoc|iPhoneSimulator.ActiveCfg = Release|x64
		{46C428B0-9B16-4E41-A5CD-4F7465E44034}.Ad-Hoc|iPhoneSimulator.Build.0 = Release|x64
		{46C428B0-9B16-4E41-A5CD-4F7465E44034}.Ad-Hoc|iPhoneSimulator.Deploy.0 = Release|x64
		{46C428B0-9B16-4E41-A5CD-4F7465E44034}.Ad-Hoc|x64.ActiveCfg = Release|x64
		{46C428B0-9B16-4E41-A5CD-4F7465E44034}.Ad-Hoc|x64.Build.0 = Release|x64
		{46C428B0-9B16-4E41-A5CD-4F7465E44034}.Ad-Hoc|x64.Deploy.0 = Release|x64
		{46C428B0-9B16-4E41-A5CD-4F7465E44034}.Ad-Hoc|x86.ActiveCfg = Release|x86
		{46C428B0-9B16-4E41-A5CD-4F7465E44034}.Ad-Hoc|x86.Build.0 = Release|x86
		{46C428B0-9B16-4E41-A5CD-4F7465E44034}.Ad-Hoc|x86.Deploy.0 = Release|x86
		{46C428B0-9B16-4E41-A5CD-4F7465E44034}.AppStore|Any CPU.ActiveCfg = Release|x64
		{46C428B0-9B16-4E41-A5CD-4F7465E44034}.AppStore|Any CPU.Build.0 = Release|x64
		{46C428B0-9B16-4E41-A5CD-4F7465E44034}.AppStore|Any CPU.Deploy.0 = Release|x64
		{46C428B0-9B16-4E41-A5CD-4F7465E44034}.AppStore|ARM.ActiveCfg = Release|ARM
		{46C428B0-9B16-4E41-A5CD-4F7465E44034}.AppStore|ARM.Build.0 = Release|ARM
		{46C428B0-9B16-4E41-A5CD-4F7465E44034}.AppStore|ARM.Deploy.0 = Release|ARM
		{46C428B0-9B16-4E41-A5CD-4F7465E44034}.AppStore|ARM64.ActiveCfg = Release|ARM64
		{46C428B0-9B16-4E41-A5CD-4F7465E44034}.AppStore|ARM64.Build.0 = Release|ARM64
		{46C428B0-9B16-4E41-A5CD-4F7465E44034}.AppStore|ARM64.Deploy.0 = Release|ARM64
		{46C428B0-9B16-4E41-A5CD-4F7465E44034}.AppStore|iPhone.ActiveCfg = Release|x64
		{46C428B0-9B16-4E41-A5CD-4F7465E44034}.AppStore|iPhone.Build.0 = Release|x64
		{46C428B0-9B16-4E41-A5CD-4F7465E44034}.AppStore|iPhone.Deploy.0 = Release|x64
		{46C428B0-9B16-4E41-A5CD-4F7465E44034}.AppStore|iPhoneSimulator.ActiveCfg = Release|x64
		{46C428B0-9B16-4E41-A5CD-4F7465E44034}.AppStore|iPhoneSimulator.Build.0 = Release|x64
		{46C428B0-9B16-4E41-A5CD-4F7465E44034}.AppStore|iPhoneSimulator.Deploy.0 = Release|x64
		{46C428B0-9B16-4E41-A5CD-4F7465E44034}.AppStore|x64.ActiveCfg = Release|x64
		{46C428B0-9B16-4E41-A5CD-4F7465E44034}.AppStore|x64.Build.0 = Release|x64
		{46C428B0-9B16-4E41-A5CD-4F7465E44034}.AppStore|x64.Deploy.0 = Release|x64
		{46C428B0-9B16-4E41-A5CD-4F7465E44034}.AppStore|x86.ActiveCfg = Release|x86
		{46C428B0-9B16-4E41-A5CD-4F7465E44034}.AppStore|x86.Build.0 = Release|x86
		{46C428B0-9B16-4E41-A5CD-4F7465E44034}.AppStore|x86.Deploy.0 = Release|x86
		{46C428B0-9B16-4E41-A5CD-4F7465E44034}.Debug|Any CPU.ActiveCfg = Debug|x86
		{46C428B0-9B16-4E41-A5CD-4F7465E44034}.Debug|ARM.ActiveCfg = Debug|ARM
		{46C428B0-9B16-4E41-A5CD-4F7465E44034}.Debug|ARM.Build.0 = Debug|ARM
		{46C428B0-9B16-4E41-A5CD-4F7465E44034}.Debug|ARM.Deploy.0 = Debug|ARM
		{46C428B0-9B16-4E41-A5CD-4F7465E44034}.Debug|ARM64.ActiveCfg = Debug|ARM64
		{46C428B0-9B16-4E41-A5CD-4F7465E44034}.Debug|ARM64.Build.0 = Debug|ARM64
		{46C428B0-9B16-4E41-A5CD-4F7465E44034}.Debug|ARM64.Deploy.0 = Debug|ARM64
		{46C428B0-9B16-4E41-A5CD-4F7465E44034}.Debug|iPhone.ActiveCfg = Debug|x86
		{46C428B0-9B16-4E41-A5CD-4F7465E44034}.Debug|iPhoneSimulator.ActiveCfg = Debug|x86
		{46C428B0-9B16-4E41-A5CD-4F7465E44034}.Debug|x64.ActiveCfg = Debug|x64
		{46C428B0-9B16-4E41-A5CD-4F7465E44034}.Debug|x64.Build.0 = Debug|x64
		{46C428B0-9B16-4E41-A5CD-4F7465E44034}.Debug|x64.Deploy.0 = Debug|x64
		{46C428B0-9B16-4E41-A5CD-4F7465E44034}.Debug|x86.ActiveCfg = Debug|x86
		{46C428B0-9B16-4E41-A5CD-4F7465E44034}.Debug|x86.Build.0 = Debug|x86
		{46C428B0-9B16-4E41-A5CD-4F7465E44034}.Debug|x86.Deploy.0 = Debug|x86
		{46C428B0-9B16-4E41-A5CD-4F7465E44034}.Release|Any CPU.ActiveCfg = Release|x86
		{46C428B0-9B16-4E41-A5CD-4F7465E44034}.Release|ARM.ActiveCfg = Release|ARM
		{46C428B0-9B16-4E41-A5CD-4F7465E44034}.Release|ARM.Build.0 = Release|ARM
		{46C428B0-9B16-4E41-A5CD-4F7465E44034}.Release|ARM.Deploy.0 = Release|ARM
		{46C428B0-9B16-4E41-A5CD-4F7465E44034}.Release|ARM64.ActiveCfg = Release|ARM64
		{46C428B0-9B16-4E41-A5CD-4F7465E44034}.Release|ARM64.Build.0 = Release|ARM64
		{46C428B0-9B16-4E41-A5CD-4F7465E44034}.Release|ARM64.Deploy.0 = Release|ARM64
		{46C428B0-9B16-4E41-A5CD-4F7465E44034}.Release|iPhone.ActiveCfg = Release|x86
		{46C428B0-9B16-4E41-A5CD-4F7465E44034}.Release|iPhoneSimulator.ActiveCfg = Release|x86
		{46C428B0-9B16-4E41-A5CD-4F7465E44034}.Release|x64.ActiveCfg = Release|x64
		{46C428B0-9B16-4E41-A5CD-4F7465E44034}.Release|x64.Build.0 = Release|x64
		{46C428B0-9B16-4E41-A5CD-4F7465E44034}.Release|x64.Deploy.0 = Release|x64
		{46C428B0-9B16-4E41-A5CD-4F7465E44034}.Release|x86.ActiveCfg = Release|x86
		{46C428B0-9B16-4E41-A5CD-4F7465E44034}.Release|x86.Build.0 = Release|x86
		{46C428B0-9B16-4E41-A5CD-4F7465E44034}.Release|x86.Deploy.0 = Release|x86
		{BEB7C361-26DC-470A-A7BF-C3E61F72481B}.Ad-Hoc|Any CPU.ActiveCfg = Debug|Any CPU
		{BEB7C361-26DC-470A-A7BF-C3E61F72481B}.Ad-Hoc|Any CPU.Build.0 = Debug|Any CPU
		{BEB7C361-26DC-470A-A7BF-C3E61F72481B}.Ad-Hoc|ARM.ActiveCfg = Debug|Any CPU
		{BEB7C361-26DC-470A-A7BF-C3E61F72481B}.Ad-Hoc|ARM.Build.0 = Debug|Any CPU
		{BEB7C361-26DC-470A-A7BF-C3E61F72481B}.Ad-Hoc|ARM64.ActiveCfg = Debug|Any CPU
		{BEB7C361-26DC-470A-A7BF-C3E61F72481B}.Ad-Hoc|ARM64.Build.0 = Debug|Any CPU
		{BEB7C361-26DC-470A-A7BF-C3E61F72481B}.Ad-Hoc|iPhone.ActiveCfg = Debug|Any CPU
		{BEB7C361-26DC-470A-A7BF-C3E61F72481B}.Ad-Hoc|iPhone.Build.0 = Debug|Any CPU
		{BEB7C361-26DC-470A-A7BF-C3E61F72481B}.Ad-Hoc|iPhoneSimulator.ActiveCfg = Debug|Any CPU
		{BEB7C361-26DC-470A-A7BF-C3E61F72481B}.Ad-Hoc|iPhoneSimulator.Build.0 = Debug|Any CPU
		{BEB7C361-26DC-470A-A7BF-C3E61F72481B}.Ad-Hoc|x64.ActiveCfg = Debug|Any CPU
		{BEB7C361-26DC-470A-A7BF-C3E61F72481B}.Ad-Hoc|x64.Build.0 = Debug|Any CPU
		{BEB7C361-26DC-470A-A7BF-C3E61F72481B}.Ad-Hoc|x86.ActiveCfg = Debug|Any CPU
		{BEB7C361-26DC-470A-A7BF-C3E61F72481B}.Ad-Hoc|x86.Build.0 = Debug|Any CPU
		{BEB7C361-26DC-470A-A7BF-C3E61F72481B}.AppStore|Any CPU.ActiveCfg = Debug|Any CPU
		{BEB7C361-26DC-470A-A7BF-C3E61F72481B}.AppStore|Any CPU.Build.0 = Debug|Any CPU
		{BEB7C361-26DC-470A-A7BF-C3E61F72481B}.AppStore|ARM.ActiveCfg = Debug|Any CPU
		{BEB7C361-26DC-470A-A7BF-C3E61F72481B}.AppStore|ARM.Build.0 = Debug|Any CPU
		{BEB7C361-26DC-470A-A7BF-C3E61F72481B}.AppStore|ARM64.ActiveCfg = Debug|Any CPU
		{BEB7C361-26DC-470A-A7BF-C3E61F72481B}.AppStore|ARM64.Build.0 = Debug|Any CPU
		{BEB7C361-26DC-470A-A7BF-C3E61F72481B}.AppStore|iPhone.ActiveCfg = Debug|Any CPU
		{BEB7C361-26DC-470A-A7BF-C3E61F72481B}.AppStore|iPhone.Build.0 = Debug|Any CPU
		{BEB7C361-26DC-470A-A7BF-C3E61F72481B}.AppStore|iPhoneSimulator.ActiveCfg = Debug|Any CPU
		{BEB7C361-26DC-470A-A7BF-C3E61F72481B}.AppStore|iPhoneSimulator.Build.0 = Debug|Any CPU
		{BEB7C361-26DC-470A-A7BF-C3E61F72481B}.AppStore|x64.ActiveCfg = Debug|Any CPU
		{BEB7C361-26DC-470A-A7BF-C3E61F72481B}.AppStore|x64.Build.0 = Debug|Any CPU
		{BEB7C361-26DC-470A-A7BF-C3E61F72481B}.AppStore|x86.ActiveCfg = Debug|Any CPU
		{BEB7C361-26DC-470A-A7BF-C3E61F72481B}.AppStore|x86.Build.0 = Debug|Any CPU
		{BEB7C361-26DC-470A-A7BF-C3E61F72481B}.Debug|Any CPU.ActiveCfg = Debug|Any CPU
		{BEB7C361-26DC-470A-A7BF-C3E61F72481B}.Debug|Any CPU.Build.0 = Debug|Any CPU
		{BEB7C361-26DC-470A-A7BF-C3E61F72481B}.Debug|ARM.ActiveCfg = Debug|Any CPU
		{BEB7C361-26DC-470A-A7BF-C3E61F72481B}.Debug|ARM.Build.0 = Debug|Any CPU
		{BEB7C361-26DC-470A-A7BF-C3E61F72481B}.Debug|ARM64.ActiveCfg = Debug|Any CPU
		{BEB7C361-26DC-470A-A7BF-C3E61F72481B}.Debug|ARM64.Build.0 = Debug|Any CPU
		{BEB7C361-26DC-470A-A7BF-C3E61F72481B}.Debug|iPhone.ActiveCfg = Debug|Any CPU
		{BEB7C361-26DC-470A-A7BF-C3E61F72481B}.Debug|iPhone.Build.0 = Debug|Any CPU
		{BEB7C361-26DC-470A-A7BF-C3E61F72481B}.Debug|iPhoneSimulator.ActiveCfg = Debug|Any CPU
		{BEB7C361-26DC-470A-A7BF-C3E61F72481B}.Debug|iPhoneSimulator.Build.0 = Debug|Any CPU
		{BEB7C361-26DC-470A-A7BF-C3E61F72481B}.Debug|x64.ActiveCfg = Debug|Any CPU
		{BEB7C361-26DC-470A-A7BF-C3E61F72481B}.Debug|x64.Build.0 = Debug|Any CPU
		{BEB7C361-26DC-470A-A7BF-C3E61F72481B}.Debug|x86.ActiveCfg = Debug|Any CPU
		{BEB7C361-26DC-470A-A7BF-C3E61F72481B}.Debug|x86.Build.0 = Debug|Any CPU
		{BEB7C361-26DC-470A-A7BF-C3E61F72481B}.Release|Any CPU.ActiveCfg = Release|Any CPU
		{BEB7C361-26DC-470A-A7BF-C3E61F72481B}.Release|Any CPU.Build.0 = Release|Any CPU
		{BEB7C361-26DC-470A-A7BF-C3E61F72481B}.Release|ARM.ActiveCfg = Release|Any CPU
		{BEB7C361-26DC-470A-A7BF-C3E61F72481B}.Release|ARM.Build.0 = Release|Any CPU
		{BEB7C361-26DC-470A-A7BF-C3E61F72481B}.Release|ARM64.ActiveCfg = Release|Any CPU
		{BEB7C361-26DC-470A-A7BF-C3E61F72481B}.Release|ARM64.Build.0 = Release|Any CPU
		{BEB7C361-26DC-470A-A7BF-C3E61F72481B}.Release|iPhone.ActiveCfg = Release|Any CPU
		{BEB7C361-26DC-470A-A7BF-C3E61F72481B}.Release|iPhone.Build.0 = Release|Any CPU
		{BEB7C361-26DC-470A-A7BF-C3E61F72481B}.Release|iPhoneSimulator.ActiveCfg = Release|Any CPU
		{BEB7C361-26DC-470A-A7BF-C3E61F72481B}.Release|iPhoneSimulator.Build.0 = Release|Any CPU
		{BEB7C361-26DC-470A-A7BF-C3E61F72481B}.Release|x64.ActiveCfg = Release|Any CPU
		{BEB7C361-26DC-470A-A7BF-C3E61F72481B}.Release|x64.Build.0 = Release|Any CPU
		{BEB7C361-26DC-470A-A7BF-C3E61F72481B}.Release|x86.ActiveCfg = Release|Any CPU
		{BEB7C361-26DC-470A-A7BF-C3E61F72481B}.Release|x86.Build.0 = Release|Any CPU
		{42DC6DAD-3A06-4864-B40B-A2970B7C7CF5}.Ad-Hoc|Any CPU.ActiveCfg = Debug|Any CPU
		{42DC6DAD-3A06-4864-B40B-A2970B7C7CF5}.Ad-Hoc|Any CPU.Build.0 = Debug|Any CPU
		{42DC6DAD-3A06-4864-B40B-A2970B7C7CF5}.Ad-Hoc|ARM.ActiveCfg = Debug|Any CPU
		{42DC6DAD-3A06-4864-B40B-A2970B7C7CF5}.Ad-Hoc|ARM.Build.0 = Debug|Any CPU
		{42DC6DAD-3A06-4864-B40B-A2970B7C7CF5}.Ad-Hoc|ARM64.ActiveCfg = Debug|Any CPU
		{42DC6DAD-3A06-4864-B40B-A2970B7C7CF5}.Ad-Hoc|ARM64.Build.0 = Debug|Any CPU
		{42DC6DAD-3A06-4864-B40B-A2970B7C7CF5}.Ad-Hoc|iPhone.ActiveCfg = Debug|Any CPU
		{42DC6DAD-3A06-4864-B40B-A2970B7C7CF5}.Ad-Hoc|iPhone.Build.0 = Debug|Any CPU
		{42DC6DAD-3A06-4864-B40B-A2970B7C7CF5}.Ad-Hoc|iPhoneSimulator.ActiveCfg = Debug|Any CPU
		{42DC6DAD-3A06-4864-B40B-A2970B7C7CF5}.Ad-Hoc|iPhoneSimulator.Build.0 = Debug|Any CPU
		{42DC6DAD-3A06-4864-B40B-A2970B7C7CF5}.Ad-Hoc|x64.ActiveCfg = Debug|Any CPU
		{42DC6DAD-3A06-4864-B40B-A2970B7C7CF5}.Ad-Hoc|x64.Build.0 = Debug|Any CPU
		{42DC6DAD-3A06-4864-B40B-A2970B7C7CF5}.Ad-Hoc|x86.ActiveCfg = Debug|Any CPU
		{42DC6DAD-3A06-4864-B40B-A2970B7C7CF5}.Ad-Hoc|x86.Build.0 = Debug|Any CPU
		{42DC6DAD-3A06-4864-B40B-A2970B7C7CF5}.AppStore|Any CPU.ActiveCfg = Debug|Any CPU
		{42DC6DAD-3A06-4864-B40B-A2970B7C7CF5}.AppStore|Any CPU.Build.0 = Debug|Any CPU
		{42DC6DAD-3A06-4864-B40B-A2970B7C7CF5}.AppStore|ARM.ActiveCfg = Debug|Any CPU
		{42DC6DAD-3A06-4864-B40B-A2970B7C7CF5}.AppStore|ARM.Build.0 = Debug|Any CPU
		{42DC6DAD-3A06-4864-B40B-A2970B7C7CF5}.AppStore|ARM64.ActiveCfg = Debug|Any CPU
		{42DC6DAD-3A06-4864-B40B-A2970B7C7CF5}.AppStore|ARM64.Build.0 = Debug|Any CPU
		{42DC6DAD-3A06-4864-B40B-A2970B7C7CF5}.AppStore|iPhone.ActiveCfg = Debug|Any CPU
		{42DC6DAD-3A06-4864-B40B-A2970B7C7CF5}.AppStore|iPhone.Build.0 = Debug|Any CPU
		{42DC6DAD-3A06-4864-B40B-A2970B7C7CF5}.AppStore|iPhoneSimulator.ActiveCfg = Debug|Any CPU
		{42DC6DAD-3A06-4864-B40B-A2970B7C7CF5}.AppStore|iPhoneSimulator.Build.0 = Debug|Any CPU
		{42DC6DAD-3A06-4864-B40B-A2970B7C7CF5}.AppStore|x64.ActiveCfg = Debug|Any CPU
		{42DC6DAD-3A06-4864-B40B-A2970B7C7CF5}.AppStore|x64.Build.0 = Debug|Any CPU
		{42DC6DAD-3A06-4864-B40B-A2970B7C7CF5}.AppStore|x86.ActiveCfg = Debug|Any CPU
		{42DC6DAD-3A06-4864-B40B-A2970B7C7CF5}.AppStore|x86.Build.0 = Debug|Any CPU
		{42DC6DAD-3A06-4864-B40B-A2970B7C7CF5}.Debug|Any CPU.ActiveCfg = Debug|Any CPU
		{42DC6DAD-3A06-4864-B40B-A2970B7C7CF5}.Debug|Any CPU.Build.0 = Debug|Any CPU
		{42DC6DAD-3A06-4864-B40B-A2970B7C7CF5}.Debug|ARM.ActiveCfg = Debug|Any CPU
		{42DC6DAD-3A06-4864-B40B-A2970B7C7CF5}.Debug|ARM.Build.0 = Debug|Any CPU
		{42DC6DAD-3A06-4864-B40B-A2970B7C7CF5}.Debug|ARM64.ActiveCfg = Debug|Any CPU
		{42DC6DAD-3A06-4864-B40B-A2970B7C7CF5}.Debug|ARM64.Build.0 = Debug|Any CPU
		{42DC6DAD-3A06-4864-B40B-A2970B7C7CF5}.Debug|iPhone.ActiveCfg = Debug|Any CPU
		{42DC6DAD-3A06-4864-B40B-A2970B7C7CF5}.Debug|iPhone.Build.0 = Debug|Any CPU
		{42DC6DAD-3A06-4864-B40B-A2970B7C7CF5}.Debug|iPhoneSimulator.ActiveCfg = Debug|Any CPU
		{42DC6DAD-3A06-4864-B40B-A2970B7C7CF5}.Debug|iPhoneSimulator.Build.0 = Debug|Any CPU
		{42DC6DAD-3A06-4864-B40B-A2970B7C7CF5}.Debug|x64.ActiveCfg = Debug|Any CPU
		{42DC6DAD-3A06-4864-B40B-A2970B7C7CF5}.Debug|x64.Build.0 = Debug|Any CPU
		{42DC6DAD-3A06-4864-B40B-A2970B7C7CF5}.Debug|x86.ActiveCfg = Debug|Any CPU
		{42DC6DAD-3A06-4864-B40B-A2970B7C7CF5}.Debug|x86.Build.0 = Debug|Any CPU
		{42DC6DAD-3A06-4864-B40B-A2970B7C7CF5}.Release|Any CPU.ActiveCfg = Release|Any CPU
		{42DC6DAD-3A06-4864-B40B-A2970B7C7CF5}.Release|Any CPU.Build.0 = Release|Any CPU
		{42DC6DAD-3A06-4864-B40B-A2970B7C7CF5}.Release|ARM.ActiveCfg = Release|Any CPU
		{42DC6DAD-3A06-4864-B40B-A2970B7C7CF5}.Release|ARM.Build.0 = Release|Any CPU
		{42DC6DAD-3A06-4864-B40B-A2970B7C7CF5}.Release|ARM64.ActiveCfg = Release|Any CPU
		{42DC6DAD-3A06-4864-B40B-A2970B7C7CF5}.Release|ARM64.Build.0 = Release|Any CPU
		{42DC6DAD-3A06-4864-B40B-A2970B7C7CF5}.Release|iPhone.ActiveCfg = Release|Any CPU
		{42DC6DAD-3A06-4864-B40B-A2970B7C7CF5}.Release|iPhone.Build.0 = Release|Any CPU
		{42DC6DAD-3A06-4864-B40B-A2970B7C7CF5}.Release|iPhoneSimulator.ActiveCfg = Release|Any CPU
		{42DC6DAD-3A06-4864-B40B-A2970B7C7CF5}.Release|iPhoneSimulator.Build.0 = Release|Any CPU
		{42DC6DAD-3A06-4864-B40B-A2970B7C7CF5}.Release|x64.ActiveCfg = Release|Any CPU
		{42DC6DAD-3A06-4864-B40B-A2970B7C7CF5}.Release|x64.Build.0 = Release|Any CPU
		{42DC6DAD-3A06-4864-B40B-A2970B7C7CF5}.Release|x86.ActiveCfg = Release|Any CPU
		{42DC6DAD-3A06-4864-B40B-A2970B7C7CF5}.Release|x86.Build.0 = Release|Any CPU
		{B5FA1171-0F04-4D2F-B039-20C4A346C011}.Ad-Hoc|Any CPU.ActiveCfg = Debug|Any CPU
		{B5FA1171-0F04-4D2F-B039-20C4A346C011}.Ad-Hoc|Any CPU.Build.0 = Debug|Any CPU
		{B5FA1171-0F04-4D2F-B039-20C4A346C011}.Ad-Hoc|ARM.ActiveCfg = Debug|Any CPU
		{B5FA1171-0F04-4D2F-B039-20C4A346C011}.Ad-Hoc|ARM.Build.0 = Debug|Any CPU
		{B5FA1171-0F04-4D2F-B039-20C4A346C011}.Ad-Hoc|ARM64.ActiveCfg = Debug|Any CPU
		{B5FA1171-0F04-4D2F-B039-20C4A346C011}.Ad-Hoc|ARM64.Build.0 = Debug|Any CPU
		{B5FA1171-0F04-4D2F-B039-20C4A346C011}.Ad-Hoc|iPhone.ActiveCfg = Debug|Any CPU
		{B5FA1171-0F04-4D2F-B039-20C4A346C011}.Ad-Hoc|iPhone.Build.0 = Debug|Any CPU
		{B5FA1171-0F04-4D2F-B039-20C4A346C011}.Ad-Hoc|iPhoneSimulator.ActiveCfg = Debug|Any CPU
		{B5FA1171-0F04-4D2F-B039-20C4A346C011}.Ad-Hoc|iPhoneSimulator.Build.0 = Debug|Any CPU
		{B5FA1171-0F04-4D2F-B039-20C4A346C011}.Ad-Hoc|x64.ActiveCfg = Debug|Any CPU
		{B5FA1171-0F04-4D2F-B039-20C4A346C011}.Ad-Hoc|x64.Build.0 = Debug|Any CPU
		{B5FA1171-0F04-4D2F-B039-20C4A346C011}.Ad-Hoc|x86.ActiveCfg = Debug|Any CPU
		{B5FA1171-0F04-4D2F-B039-20C4A346C011}.Ad-Hoc|x86.Build.0 = Debug|Any CPU
		{B5FA1171-0F04-4D2F-B039-20C4A346C011}.AppStore|Any CPU.ActiveCfg = Debug|Any CPU
		{B5FA1171-0F04-4D2F-B039-20C4A346C011}.AppStore|Any CPU.Build.0 = Debug|Any CPU
		{B5FA1171-0F04-4D2F-B039-20C4A346C011}.AppStore|ARM.ActiveCfg = Debug|Any CPU
		{B5FA1171-0F04-4D2F-B039-20C4A346C011}.AppStore|ARM.Build.0 = Debug|Any CPU
		{B5FA1171-0F04-4D2F-B039-20C4A346C011}.AppStore|ARM64.ActiveCfg = Debug|Any CPU
		{B5FA1171-0F04-4D2F-B039-20C4A346C011}.AppStore|ARM64.Build.0 = Debug|Any CPU
		{B5FA1171-0F04-4D2F-B039-20C4A346C011}.AppStore|iPhone.ActiveCfg = Debug|Any CPU
		{B5FA1171-0F04-4D2F-B039-20C4A346C011}.AppStore|iPhone.Build.0 = Debug|Any CPU
		{B5FA1171-0F04-4D2F-B039-20C4A346C011}.AppStore|iPhoneSimulator.ActiveCfg = Debug|Any CPU
		{B5FA1171-0F04-4D2F-B039-20C4A346C011}.AppStore|iPhoneSimulator.Build.0 = Debug|Any CPU
		{B5FA1171-0F04-4D2F-B039-20C4A346C011}.AppStore|x64.ActiveCfg = Debug|Any CPU
		{B5FA1171-0F04-4D2F-B039-20C4A346C011}.AppStore|x64.Build.0 = Debug|Any CPU
		{B5FA1171-0F04-4D2F-B039-20C4A346C011}.AppStore|x86.ActiveCfg = Debug|Any CPU
		{B5FA1171-0F04-4D2F-B039-20C4A346C011}.AppStore|x86.Build.0 = Debug|Any CPU
		{B5FA1171-0F04-4D2F-B039-20C4A346C011}.Debug|Any CPU.ActiveCfg = Debug|Any CPU
		{B5FA1171-0F04-4D2F-B039-20C4A346C011}.Debug|Any CPU.Build.0 = Debug|Any CPU
		{B5FA1171-0F04-4D2F-B039-20C4A346C011}.Debug|ARM.ActiveCfg = Debug|Any CPU
		{B5FA1171-0F04-4D2F-B039-20C4A346C011}.Debug|ARM.Build.0 = Debug|Any CPU
		{B5FA1171-0F04-4D2F-B039-20C4A346C011}.Debug|ARM64.ActiveCfg = Debug|Any CPU
		{B5FA1171-0F04-4D2F-B039-20C4A346C011}.Debug|ARM64.Build.0 = Debug|Any CPU
		{B5FA1171-0F04-4D2F-B039-20C4A346C011}.Debug|iPhone.ActiveCfg = Debug|Any CPU
		{B5FA1171-0F04-4D2F-B039-20C4A346C011}.Debug|iPhone.Build.0 = Debug|Any CPU
		{B5FA1171-0F04-4D2F-B039-20C4A346C011}.Debug|iPhoneSimulator.ActiveCfg = Debug|Any CPU
		{B5FA1171-0F04-4D2F-B039-20C4A346C011}.Debug|iPhoneSimulator.Build.0 = Debug|Any CPU
		{B5FA1171-0F04-4D2F-B039-20C4A346C011}.Debug|x64.ActiveCfg = Debug|Any CPU
		{B5FA1171-0F04-4D2F-B039-20C4A346C011}.Debug|x64.Build.0 = Debug|Any CPU
		{B5FA1171-0F04-4D2F-B039-20C4A346C011}.Debug|x86.ActiveCfg = Debug|Any CPU
		{B5FA1171-0F04-4D2F-B039-20C4A346C011}.Debug|x86.Build.0 = Debug|Any CPU
		{B5FA1171-0F04-4D2F-B039-20C4A346C011}.Release|Any CPU.ActiveCfg = Release|Any CPU
		{B5FA1171-0F04-4D2F-B039-20C4A346C011}.Release|Any CPU.Build.0 = Release|Any CPU
		{B5FA1171-0F04-4D2F-B039-20C4A346C011}.Release|ARM.ActiveCfg = Release|Any CPU
		{B5FA1171-0F04-4D2F-B039-20C4A346C011}.Release|ARM.Build.0 = Release|Any CPU
		{B5FA1171-0F04-4D2F-B039-20C4A346C011}.Release|ARM64.ActiveCfg = Release|Any CPU
		{B5FA1171-0F04-4D2F-B039-20C4A346C011}.Release|ARM64.Build.0 = Release|Any CPU
		{B5FA1171-0F04-4D2F-B039-20C4A346C011}.Release|iPhone.ActiveCfg = Release|Any CPU
		{B5FA1171-0F04-4D2F-B039-20C4A346C011}.Release|iPhone.Build.0 = Release|Any CPU
		{B5FA1171-0F04-4D2F-B039-20C4A346C011}.Release|iPhoneSimulator.ActiveCfg = Release|Any CPU
		{B5FA1171-0F04-4D2F-B039-20C4A346C011}.Release|iPhoneSimulator.Build.0 = Release|Any CPU
		{B5FA1171-0F04-4D2F-B039-20C4A346C011}.Release|x64.ActiveCfg = Release|Any CPU
		{B5FA1171-0F04-4D2F-B039-20C4A346C011}.Release|x64.Build.0 = Release|Any CPU
		{B5FA1171-0F04-4D2F-B039-20C4A346C011}.Release|x86.ActiveCfg = Release|Any CPU
		{B5FA1171-0F04-4D2F-B039-20C4A346C011}.Release|x86.Build.0 = Release|Any CPU
		{F2C2721C-3554-4A6A-96BC-9345D2349913}.Ad-Hoc|Any CPU.ActiveCfg = Debug|Any CPU
		{F2C2721C-3554-4A6A-96BC-9345D2349913}.Ad-Hoc|Any CPU.Build.0 = Debug|Any CPU
		{F2C2721C-3554-4A6A-96BC-9345D2349913}.Ad-Hoc|ARM.ActiveCfg = Debug|Any CPU
		{F2C2721C-3554-4A6A-96BC-9345D2349913}.Ad-Hoc|ARM.Build.0 = Debug|Any CPU
		{F2C2721C-3554-4A6A-96BC-9345D2349913}.Ad-Hoc|ARM64.ActiveCfg = Debug|Any CPU
		{F2C2721C-3554-4A6A-96BC-9345D2349913}.Ad-Hoc|ARM64.Build.0 = Debug|Any CPU
		{F2C2721C-3554-4A6A-96BC-9345D2349913}.Ad-Hoc|iPhone.ActiveCfg = Debug|Any CPU
		{F2C2721C-3554-4A6A-96BC-9345D2349913}.Ad-Hoc|iPhone.Build.0 = Debug|Any CPU
		{F2C2721C-3554-4A6A-96BC-9345D2349913}.Ad-Hoc|iPhoneSimulator.ActiveCfg = Debug|Any CPU
		{F2C2721C-3554-4A6A-96BC-9345D2349913}.Ad-Hoc|iPhoneSimulator.Build.0 = Debug|Any CPU
		{F2C2721C-3554-4A6A-96BC-9345D2349913}.Ad-Hoc|x64.ActiveCfg = Debug|Any CPU
		{F2C2721C-3554-4A6A-96BC-9345D2349913}.Ad-Hoc|x64.Build.0 = Debug|Any CPU
		{F2C2721C-3554-4A6A-96BC-9345D2349913}.Ad-Hoc|x86.ActiveCfg = Debug|Any CPU
		{F2C2721C-3554-4A6A-96BC-9345D2349913}.Ad-Hoc|x86.Build.0 = Debug|Any CPU
		{F2C2721C-3554-4A6A-96BC-9345D2349913}.AppStore|Any CPU.ActiveCfg = Debug|Any CPU
		{F2C2721C-3554-4A6A-96BC-9345D2349913}.AppStore|Any CPU.Build.0 = Debug|Any CPU
		{F2C2721C-3554-4A6A-96BC-9345D2349913}.AppStore|ARM.ActiveCfg = Debug|Any CPU
		{F2C2721C-3554-4A6A-96BC-9345D2349913}.AppStore|ARM.Build.0 = Debug|Any CPU
		{F2C2721C-3554-4A6A-96BC-9345D2349913}.AppStore|ARM64.ActiveCfg = Debug|Any CPU
		{F2C2721C-3554-4A6A-96BC-9345D2349913}.AppStore|ARM64.Build.0 = Debug|Any CPU
		{F2C2721C-3554-4A6A-96BC-9345D2349913}.AppStore|iPhone.ActiveCfg = Debug|Any CPU
		{F2C2721C-3554-4A6A-96BC-9345D2349913}.AppStore|iPhone.Build.0 = Debug|Any CPU
		{F2C2721C-3554-4A6A-96BC-9345D2349913}.AppStore|iPhoneSimulator.ActiveCfg = Debug|Any CPU
		{F2C2721C-3554-4A6A-96BC-9345D2349913}.AppStore|iPhoneSimulator.Build.0 = Debug|Any CPU
		{F2C2721C-3554-4A6A-96BC-9345D2349913}.AppStore|x64.ActiveCfg = Debug|Any CPU
		{F2C2721C-3554-4A6A-96BC-9345D2349913}.AppStore|x64.Build.0 = Debug|Any CPU
		{F2C2721C-3554-4A6A-96BC-9345D2349913}.AppStore|x86.ActiveCfg = Debug|Any CPU
		{F2C2721C-3554-4A6A-96BC-9345D2349913}.AppStore|x86.Build.0 = Debug|Any CPU
		{F2C2721C-3554-4A6A-96BC-9345D2349913}.Debug|Any CPU.ActiveCfg = Debug|Any CPU
		{F2C2721C-3554-4A6A-96BC-9345D2349913}.Debug|Any CPU.Build.0 = Debug|Any CPU
		{F2C2721C-3554-4A6A-96BC-9345D2349913}.Debug|ARM.ActiveCfg = Debug|Any CPU
		{F2C2721C-3554-4A6A-96BC-9345D2349913}.Debug|ARM.Build.0 = Debug|Any CPU
		{F2C2721C-3554-4A6A-96BC-9345D2349913}.Debug|ARM64.ActiveCfg = Debug|Any CPU
		{F2C2721C-3554-4A6A-96BC-9345D2349913}.Debug|ARM64.Build.0 = Debug|Any CPU
		{F2C2721C-3554-4A6A-96BC-9345D2349913}.Debug|iPhone.ActiveCfg = Debug|Any CPU
		{F2C2721C-3554-4A6A-96BC-9345D2349913}.Debug|iPhone.Build.0 = Debug|Any CPU
		{F2C2721C-3554-4A6A-96BC-9345D2349913}.Debug|iPhoneSimulator.ActiveCfg = Debug|Any CPU
		{F2C2721C-3554-4A6A-96BC-9345D2349913}.Debug|iPhoneSimulator.Build.0 = Debug|Any CPU
		{F2C2721C-3554-4A6A-96BC-9345D2349913}.Debug|x64.ActiveCfg = Debug|Any CPU
		{F2C2721C-3554-4A6A-96BC-9345D2349913}.Debug|x64.Build.0 = Debug|Any CPU
		{F2C2721C-3554-4A6A-96BC-9345D2349913}.Debug|x86.ActiveCfg = Debug|Any CPU
		{F2C2721C-3554-4A6A-96BC-9345D2349913}.Debug|x86.Build.0 = Debug|Any CPU
		{F2C2721C-3554-4A6A-96BC-9345D2349913}.Release|Any CPU.ActiveCfg = Release|Any CPU
		{F2C2721C-3554-4A6A-96BC-9345D2349913}.Release|Any CPU.Build.0 = Release|Any CPU
		{F2C2721C-3554-4A6A-96BC-9345D2349913}.Release|ARM.ActiveCfg = Release|Any CPU
		{F2C2721C-3554-4A6A-96BC-9345D2349913}.Release|ARM.Build.0 = Release|Any CPU
		{F2C2721C-3554-4A6A-96BC-9345D2349913}.Release|ARM64.ActiveCfg = Release|Any CPU
		{F2C2721C-3554-4A6A-96BC-9345D2349913}.Release|ARM64.Build.0 = Release|Any CPU
		{F2C2721C-3554-4A6A-96BC-9345D2349913}.Release|iPhone.ActiveCfg = Release|Any CPU
		{F2C2721C-3554-4A6A-96BC-9345D2349913}.Release|iPhone.Build.0 = Release|Any CPU
		{F2C2721C-3554-4A6A-96BC-9345D2349913}.Release|iPhoneSimulator.ActiveCfg = Release|Any CPU
		{F2C2721C-3554-4A6A-96BC-9345D2349913}.Release|iPhoneSimulator.Build.0 = Release|Any CPU
		{F2C2721C-3554-4A6A-96BC-9345D2349913}.Release|x64.ActiveCfg = Release|Any CPU
		{F2C2721C-3554-4A6A-96BC-9345D2349913}.Release|x64.Build.0 = Release|Any CPU
		{F2C2721C-3554-4A6A-96BC-9345D2349913}.Release|x86.ActiveCfg = Release|Any CPU
		{F2C2721C-3554-4A6A-96BC-9345D2349913}.Release|x86.Build.0 = Release|Any CPU
		{C92A429D-3A56-49B4-A217-47AB1AE9969A}.Ad-Hoc|Any CPU.ActiveCfg = Debug|Any CPU
		{C92A429D-3A56-49B4-A217-47AB1AE9969A}.Ad-Hoc|Any CPU.Build.0 = Debug|Any CPU
		{C92A429D-3A56-49B4-A217-47AB1AE9969A}.Ad-Hoc|ARM.ActiveCfg = Debug|Any CPU
		{C92A429D-3A56-49B4-A217-47AB1AE9969A}.Ad-Hoc|ARM.Build.0 = Debug|Any CPU
		{C92A429D-3A56-49B4-A217-47AB1AE9969A}.Ad-Hoc|ARM64.ActiveCfg = Debug|Any CPU
		{C92A429D-3A56-49B4-A217-47AB1AE9969A}.Ad-Hoc|ARM64.Build.0 = Debug|Any CPU
		{C92A429D-3A56-49B4-A217-47AB1AE9969A}.Ad-Hoc|iPhone.ActiveCfg = Debug|Any CPU
		{C92A429D-3A56-49B4-A217-47AB1AE9969A}.Ad-Hoc|iPhone.Build.0 = Debug|Any CPU
		{C92A429D-3A56-49B4-A217-47AB1AE9969A}.Ad-Hoc|iPhoneSimulator.ActiveCfg = Debug|Any CPU
		{C92A429D-3A56-49B4-A217-47AB1AE9969A}.Ad-Hoc|iPhoneSimulator.Build.0 = Debug|Any CPU
		{C92A429D-3A56-49B4-A217-47AB1AE9969A}.Ad-Hoc|x64.ActiveCfg = Debug|Any CPU
		{C92A429D-3A56-49B4-A217-47AB1AE9969A}.Ad-Hoc|x64.Build.0 = Debug|Any CPU
		{C92A429D-3A56-49B4-A217-47AB1AE9969A}.Ad-Hoc|x86.ActiveCfg = Debug|Any CPU
		{C92A429D-3A56-49B4-A217-47AB1AE9969A}.Ad-Hoc|x86.Build.0 = Debug|Any CPU
		{C92A429D-3A56-49B4-A217-47AB1AE9969A}.AppStore|Any CPU.ActiveCfg = Debug|Any CPU
		{C92A429D-3A56-49B4-A217-47AB1AE9969A}.AppStore|Any CPU.Build.0 = Debug|Any CPU
		{C92A429D-3A56-49B4-A217-47AB1AE9969A}.AppStore|ARM.ActiveCfg = Debug|Any CPU
		{C92A429D-3A56-49B4-A217-47AB1AE9969A}.AppStore|ARM.Build.0 = Debug|Any CPU
		{C92A429D-3A56-49B4-A217-47AB1AE9969A}.AppStore|ARM64.ActiveCfg = Debug|Any CPU
		{C92A429D-3A56-49B4-A217-47AB1AE9969A}.AppStore|ARM64.Build.0 = Debug|Any CPU
		{C92A429D-3A56-49B4-A217-47AB1AE9969A}.AppStore|iPhone.ActiveCfg = Debug|Any CPU
		{C92A429D-3A56-49B4-A217-47AB1AE9969A}.AppStore|iPhone.Build.0 = Debug|Any CPU
		{C92A429D-3A56-49B4-A217-47AB1AE9969A}.AppStore|iPhoneSimulator.ActiveCfg = Debug|Any CPU
		{C92A429D-3A56-49B4-A217-47AB1AE9969A}.AppStore|iPhoneSimulator.Build.0 = Debug|Any CPU
		{C92A429D-3A56-49B4-A217-47AB1AE9969A}.AppStore|x64.ActiveCfg = Debug|Any CPU
		{C92A429D-3A56-49B4-A217-47AB1AE9969A}.AppStore|x64.Build.0 = Debug|Any CPU
		{C92A429D-3A56-49B4-A217-47AB1AE9969A}.AppStore|x86.ActiveCfg = Debug|Any CPU
		{C92A429D-3A56-49B4-A217-47AB1AE9969A}.AppStore|x86.Build.0 = Debug|Any CPU
		{C92A429D-3A56-49B4-A217-47AB1AE9969A}.Debug|Any CPU.ActiveCfg = Debug|Any CPU
		{C92A429D-3A56-49B4-A217-47AB1AE9969A}.Debug|Any CPU.Build.0 = Debug|Any CPU
		{C92A429D-3A56-49B4-A217-47AB1AE9969A}.Debug|ARM.ActiveCfg = Debug|Any CPU
		{C92A429D-3A56-49B4-A217-47AB1AE9969A}.Debug|ARM.Build.0 = Debug|Any CPU
		{C92A429D-3A56-49B4-A217-47AB1AE9969A}.Debug|ARM64.ActiveCfg = Debug|Any CPU
		{C92A429D-3A56-49B4-A217-47AB1AE9969A}.Debug|ARM64.Build.0 = Debug|Any CPU
		{C92A429D-3A56-49B4-A217-47AB1AE9969A}.Debug|iPhone.ActiveCfg = Debug|Any CPU
		{C92A429D-3A56-49B4-A217-47AB1AE9969A}.Debug|iPhone.Build.0 = Debug|Any CPU
		{C92A429D-3A56-49B4-A217-47AB1AE9969A}.Debug|iPhoneSimulator.ActiveCfg = Debug|Any CPU
		{C92A429D-3A56-49B4-A217-47AB1AE9969A}.Debug|iPhoneSimulator.Build.0 = Debug|Any CPU
		{C92A429D-3A56-49B4-A217-47AB1AE9969A}.Debug|x64.ActiveCfg = Debug|Any CPU
		{C92A429D-3A56-49B4-A217-47AB1AE9969A}.Debug|x64.Build.0 = Debug|Any CPU
		{C92A429D-3A56-49B4-A217-47AB1AE9969A}.Debug|x86.ActiveCfg = Debug|Any CPU
		{C92A429D-3A56-49B4-A217-47AB1AE9969A}.Debug|x86.Build.0 = Debug|Any CPU
		{C92A429D-3A56-49B4-A217-47AB1AE9969A}.Release|Any CPU.ActiveCfg = Release|Any CPU
		{C92A429D-3A56-49B4-A217-47AB1AE9969A}.Release|Any CPU.Build.0 = Release|Any CPU
		{C92A429D-3A56-49B4-A217-47AB1AE9969A}.Release|ARM.ActiveCfg = Release|Any CPU
		{C92A429D-3A56-49B4-A217-47AB1AE9969A}.Release|ARM.Build.0 = Release|Any CPU
		{C92A429D-3A56-49B4-A217-47AB1AE9969A}.Release|ARM64.ActiveCfg = Release|Any CPU
		{C92A429D-3A56-49B4-A217-47AB1AE9969A}.Release|ARM64.Build.0 = Release|Any CPU
		{C92A429D-3A56-49B4-A217-47AB1AE9969A}.Release|iPhone.ActiveCfg = Release|Any CPU
		{C92A429D-3A56-49B4-A217-47AB1AE9969A}.Release|iPhone.Build.0 = Release|Any CPU
		{C92A429D-3A56-49B4-A217-47AB1AE9969A}.Release|iPhoneSimulator.ActiveCfg = Release|Any CPU
		{C92A429D-3A56-49B4-A217-47AB1AE9969A}.Release|iPhoneSimulator.Build.0 = Release|Any CPU
		{C92A429D-3A56-49B4-A217-47AB1AE9969A}.Release|x64.ActiveCfg = Release|Any CPU
		{C92A429D-3A56-49B4-A217-47AB1AE9969A}.Release|x64.Build.0 = Release|Any CPU
		{C92A429D-3A56-49B4-A217-47AB1AE9969A}.Release|x86.ActiveCfg = Release|Any CPU
		{C92A429D-3A56-49B4-A217-47AB1AE9969A}.Release|x86.Build.0 = Release|Any CPU
	EndGlobalSection
	GlobalSection(SolutionProperties) = preSolution
		HideSolutionNode = FALSE
	EndGlobalSection
	GlobalSection(NestedProjects) = preSolution
		{C5024E79-4E27-4678-8B7B-F1F9E44ED854} = {A7772AAE-D362-4FC8-A6D9-9B862B7C5FF2}
		{F87C2B30-6455-41D0-AEAB-C7D0EAB53523} = {654FEF5C-2886-4839-BA66-05BD63933EAC}
		{EC67C8ED-8772-4130-8C8A-9F17B45C1A06} = {654FEF5C-2886-4839-BA66-05BD63933EAC}
		{3E51B430-335E-4513-85C1-65393C192391} = {FFC4D2DD-E7CC-4610-8E8A-27FDA1C8437A}
		{5F8B4A30-B8D1-46B5-BE32-AEE3C899E3BF} = {654FEF5C-2886-4839-BA66-05BD63933EAC}
		{46C428B0-9B16-4E41-A5CD-4F7465E44034} = {4EA6C68B-29A9-4950-A242-56D4592493A9}
		{3CC23100-2416-4638-B746-D883EDD20DFF} = {654FEF5C-2886-4839-BA66-05BD63933EAC}
		{BEB7C361-26DC-470A-A7BF-C3E61F72481B} = {3CC23100-2416-4638-B746-D883EDD20DFF}
		{42DC6DAD-3A06-4864-B40B-A2970B7C7CF5} = {3CC23100-2416-4638-B746-D883EDD20DFF}
		{B5FA1171-0F04-4D2F-B039-20C4A346C011} = {3CC23100-2416-4638-B746-D883EDD20DFF}
		{F2C2721C-3554-4A6A-96BC-9345D2349913} = {3CC23100-2416-4638-B746-D883EDD20DFF}
		{C92A429D-3A56-49B4-A217-47AB1AE9969A} = {3CC23100-2416-4638-B746-D883EDD20DFF}
	EndGlobalSection
	GlobalSection(ExtensibilityGlobals) = postSolution
		SolutionGuid = {D0F197ED-58A3-471C-9C54-643EC1050FA3}
	EndGlobalSection
EndGlobal
